<?xml version="1.0" encoding="utf-8"?>
<Project ToolsVersion="4.0" xmlns="http://schemas.microsoft.com/developer/msbuild/2003">
  <ItemGroup>
    <ClCompile Include="Main.cpp" />
    <ClCompile Include="MainGame.cpp" />
    <ClCompile Include="stdafx.cpp" />
    <ClCompile Include="Materials\ColorMaterial.cpp" />
    <ClCompile Include="Scenes\Week 6\HardwareSkinningScene.cpp" />
    <ClCompile Include="Materials\SpikyMaterial.cpp" />
    <ClCompile Include="Materials\UberMaterial.cpp" />
    <ClCompile Include="Materials\DiffuseMaterial_Skinned.cpp" />
    <ClCompile Include="Materials\DiffuseMaterial.cpp" />
    <ClCompile Include="Scenes\Week 8\ShadowMappingScene.cpp" />
    <ClCompile Include="Scenes\Week 9\ParticleScene.cpp" />
    <ClCompile Include="Prefabs\Character.cpp" />
    <ClCompile Include="Materials\Shadow\DiffuseMaterial_Shadow.cpp" />
    <ClCompile Include="Materials\Shadow\DiffuseMaterial_Shadow_Skinned.cpp" />
    <ClCompile Include="Materials\Post\PostGrayscale.cpp" />
    <ClCompile Include="Materials\Post\PostBlur.cpp" />
    <ClCompile Include="Scenes\Game\MainMenu.cpp" />
    <ClCompile Include="Scenes\Game\Level1.cpp" />
    <ClCompile Include="Materials\SeaMaterial.cpp" />
    <ClCompile Include="Prefabs\UI\Button.cpp" />
    <ClCompile Include="Prefabs\UI\HUD.cpp" />
    <ClCompile Include="Prefabs\UI\Text.cpp" />
    <ClCompile Include="Materials\Deferred\BasicMaterial_Deferred.cpp" />
    <ClCompile Include="Scenes\Week 11\DeferredRenderingScene.cpp" />
    <ClCompile Include="Materials\Deferred\BasicMaterial.cpp" />
    <ClCompile Include="Materials\Deferred\BasicMaterial_Deferred_Shadow.cpp" />
    <ClCompile Include="Materials\Deferred\BasicMaterial_Deferred_Shadow_Skinned.cpp" />
    <ClCompile Include="Prefabs\Tree.cpp" />
    <ClCompile Include="Prefabs\Gem.cpp" />
    <ClCompile Include="Materials\SkyBoxMaterial.cpp" />
    <ClCompile Include="Prefabs\Rock.cpp" />
    <ClCompile Include="Prefabs\Bomb.cpp" />
    <ClCompile Include="Prefabs\BombSpawner.cpp" />
    <ClCompile Include="Materials\Post\PostCameraShake.cpp" />
    <ClCompile Include="Prefabs\BombExplosion.cpp" />
    <ClCompile Include="Bridge.cpp" />
  </ItemGroup>
  <ItemGroup>
    <ClInclude Include="MainGame.h" />
    <ClInclude Include="stdafx.h" />
    <ClInclude Include="Materials\ColorMaterial.h" />
    <ClInclude Include="Scenes\Week 6\HardwareSkinningScene.h" />
    <ClInclude Include="Materials\UberMaterial.h" />
    <ClInclude Include="Materials\DiffuseMaterial_Skinned.h" />
    <ClInclude Include="Materials\SpikeyMaterial.h" />
    <ClInclude Include="Materials\SpikyMaterial.h" />
    <ClInclude Include="Materials\DiffuseMaterial.h" />
    <ClInclude Include="Scenes\Week 8\ShadowMappingScene.h" />
    <ClInclude Include="Scenes\Week 9\ParticleScene.h" />
    <ClInclude Include="Prefabs\Character.h" />
    <ClInclude Include="Materials\Shadow\DiffuseMaterial_Shadow_Skinned.h" />
    <ClInclude Include="Materials\Shadow\DiffuseMaterial_Shadow.h" />
    <ClInclude Include="Materials\Post\PostGrayscale.h" />
    <ClInclude Include="Materials\Post\PostBlur.h" />
    <ClInclude Include="Scenes\Game\MainMenu.h" />
    <ClInclude Include="Scenes\Game\Level1.h" />
    <ClInclude Include="Materials\SeaMaterial.h" />
    <ClInclude Include="Prefabs\UI\Button.h" />
    <ClInclude Include="Prefabs\UI\HUD.h" />
    <ClInclude Include="Prefabs\UI\Text.h" />
    <ClInclude Include="Materials\Deferred\BasicMaterial_Deferred.h" />
    <ClInclude Include="Scenes\Week 11\DeferredRenderingScene.h" />
    <ClInclude Include="Materials\Deferred\BasicMaterial.h" />
    <ClInclude Include="Materials\Deferred\BasicMaterial_Deferred_Shadow.h" />
    <ClInclude Include="Materials\Deferred\BasicMaterial_Deferred_Shadow_Skinned.h" />
    <ClInclude Include="Prefabs\Tree.h" />
    <ClInclude Include="Prefabs\Gem.h" />
    <ClInclude Include="Materials\SkyBoxMaterial.h" />
    <ClInclude Include="Prefabs\Rock.h" />
    <ClInclude Include="Prefabs\Bomb.h" />
    <ClInclude Include="Prefabs\BombSpawner.h" />
    <ClInclude Include="Materials\Post\PostCameraShake.h" />
    <ClInclude Include="Prefabs\BombExplosion.h" />
    <ClInclude Include="Bridge.h" />
  </ItemGroup>
</Project>